// !$*UTF8*$!
{
	archiveVersion = 1;
	classes = {
	};
	objectVersion = 51;
	objects = {

/* Begin PBXBuildFile section */
		1173C4193A5E59687039B026 /* Pods_TagCashier.framework in Frameworks */ = {isa = PBXBuildFile; fileRef = D9BC41FD88D58920FC132181 /* Pods_TagCashier.framework */; };
		1C809AD023CEB667003B9FDC /* AppDelegate.swift in Sources */ = {isa = PBXBuildFile; fileRef = 1C809ACF23CEB667003B9FDC /* AppDelegate.swift */; };
		1C809AD223CEB667003B9FDC /* SceneDelegate.swift in Sources */ = {isa = PBXBuildFile; fileRef = 1C809AD123CEB667003B9FDC /* SceneDelegate.swift */; };
		1C809AD723CEB667003B9FDC /* Main.storyboard in Resources */ = {isa = PBXBuildFile; fileRef = 1C809AD523CEB667003B9FDC /* Main.storyboard */; };
		1C809AD923CEB66A003B9FDC /* Assets.xcassets in Resources */ = {isa = PBXBuildFile; fileRef = 1C809AD823CEB66A003B9FDC /* Assets.xcassets */; };
		1C809ADC23CEB66A003B9FDC /* LaunchScreen.storyboard in Resources */ = {isa = PBXBuildFile; fileRef = 1C809ADA23CEB66A003B9FDC /* LaunchScreen.storyboard */; };
		1C809AE423CEBA67003B9FDC /* GoogleService-Info.plist in Resources */ = {isa = PBXBuildFile; fileRef = 1C809AE323CEBA67003B9FDC /* GoogleService-Info.plist */; };
		1C809AE623CEBB5C003B9FDC /* CashierViewController.swift in Sources */ = {isa = PBXBuildFile; fileRef = 1C809AE523CEBB5C003B9FDC /* CashierViewController.swift */; };
		1C809AE823CEC038003B9FDC /* Classes.swift in Sources */ = {isa = PBXBuildFile; fileRef = 1C809AE723CEC038003B9FDC /* Classes.swift */; };
		1C809AEA23CEC050003B9FDC /* Extensions.swift in Sources */ = {isa = PBXBuildFile; fileRef = 1C809AE923CEC050003B9FDC /* Extensions.swift */; };
		1C809AEC23CEC1BB003B9FDC /* AuthViewController.swift in Sources */ = {isa = PBXBuildFile; fileRef = 1C809AEB23CEC1BB003B9FDC /* AuthViewController.swift */; };
/* End PBXBuildFile section */

/* Begin PBXFileReference section */
		0BFEDE6C3A0A1CF3B881CCB8 /* Pods-TagCashier.debug.xcconfig */ = {isa = PBXFileReference; includeInIndex = 1; lastKnownFileType = text.xcconfig; name = "Pods-TagCashier.debug.xcconfig"; path = "Target Support Files/Pods-TagCashier/Pods-TagCashier.debug.xcconfig"; sourceTree = "<group>"; };
		1C809ACC23CEB667003B9FDC /* TagCashier.app */ = {isa = PBXFileReference; explicitFileType = wrapper.application; includeInIndex = 0; path = TagCashier.app; sourceTree = BUILT_PRODUCTS_DIR; };
		1C809ACF23CEB667003B9FDC /* AppDelegate.swift */ = {isa = PBXFileReference; lastKnownFileType = sourcecode.swift; path = AppDelegate.swift; sourceTree = "<group>"; };
		1C809AD123CEB667003B9FDC /* SceneDelegate.swift */ = {isa = PBXFileReference; lastKnownFileType = sourcecode.swift; path = SceneDelegate.swift; sourceTree = "<group>"; };
		1C809AD623CEB667003B9FDC /* Base */ = {isa = PBXFileReference; lastKnownFileType = file.storyboard; name = Base; path = Base.lproj/Main.storyboard; sourceTree = "<group>"; };
		1C809AD823CEB66A003B9FDC /* Assets.xcassets */ = {isa = PBXFileReference; lastKnownFileType = folder.assetcatalog; path = Assets.xcassets; sourceTree = "<group>"; };
		1C809ADB23CEB66A003B9FDC /* Base */ = {isa = PBXFileReference; lastKnownFileType = file.storyboard; name = Base; path = Base.lproj/LaunchScreen.storyboard; sourceTree = "<group>"; };
		1C809ADD23CEB66A003B9FDC /* Info.plist */ = {isa = PBXFileReference; lastKnownFileType = text.plist.xml; path = Info.plist; sourceTree = "<group>"; };
		1C809AE323CEBA67003B9FDC /* GoogleService-Info.plist */ = {isa = PBXFileReference; fileEncoding = 4; lastKnownFileType = text.plist.xml; path = "GoogleService-Info.plist"; sourceTree = "<group>"; };
		1C809AE523CEBB5C003B9FDC /* CashierViewController.swift */ = {isa = PBXFileReference; lastKnownFileType = sourcecode.swift; path = CashierViewController.swift; sourceTree = "<group>"; };
		1C809AE723CEC038003B9FDC /* Classes.swift */ = {isa = PBXFileReference; lastKnownFileType = sourcecode.swift; path = Classes.swift; sourceTree = "<group>"; };
		1C809AE923CEC050003B9FDC /* Extensions.swift */ = {isa = PBXFileReference; lastKnownFileType = sourcecode.swift; path = Extensions.swift; sourceTree = "<group>"; };
		1C809AEB23CEC1BB003B9FDC /* AuthViewController.swift */ = {isa = PBXFileReference; lastKnownFileType = sourcecode.swift; path = AuthViewController.swift; sourceTree = "<group>"; };
		1CDE257323D15E4900AC18EE /* TagCashier.entitlements */ = {isa = PBXFileReference; lastKnownFileType = text.plist.entitlements; path = TagCashier.entitlements; sourceTree = "<group>"; };
		65095AC59F1FBAE5DF1136E3 /* Pods-TagCashier.release.xcconfig */ = {isa = PBXFileReference; includeInIndex = 1; lastKnownFileType = text.xcconfig; name = "Pods-TagCashier.release.xcconfig"; path = "Target Support Files/Pods-TagCashier/Pods-TagCashier.release.xcconfig"; sourceTree = "<group>"; };
		D9BC41FD88D58920FC132181 /* Pods_TagCashier.framework */ = {isa = PBXFileReference; explicitFileType = wrapper.framework; includeInIndex = 0; path = Pods_TagCashier.framework; sourceTree = BUILT_PRODUCTS_DIR; };
/* End PBXFileReference section */

/* Begin PBXFrameworksBuildPhase section */
		1C809AC923CEB667003B9FDC /* Frameworks */ = {
			isa = PBXFrameworksBuildPhase;
			buildActionMask = 2147483647;
			files = (
				1173C4193A5E59687039B026 /* Pods_TagCashier.framework in Frameworks */,
			);
			runOnlyForDeploymentPostprocessing = 0;
		};
/* End PBXFrameworksBuildPhase section */

/* Begin PBXGroup section */
		1C809AC323CEB667003B9FDC = {
			isa = PBXGroup;
			children = (
				1C809ACE23CEB667003B9FDC /* TagCashier */,
				1C809ACD23CEB667003B9FDC /* Products */,
				9EA6B967C8696FF7F4A058CD /* Pods */,
				39277896549E1A68A3C604C4 /* Frameworks */,
			);
			sourceTree = "<group>";
		};
		1C809ACD23CEB667003B9FDC /* Products */ = {
			isa = PBXGroup;
			children = (
				1C809ACC23CEB667003B9FDC /* TagCashier.app */,
			);
			name = Products;
			sourceTree = "<group>";
		};
		1C809ACE23CEB667003B9FDC /* TagCashier */ = {
			isa = PBXGroup;
			children = (
				1CDE257323D15E4900AC18EE /* TagCashier.entitlements */,
				1C809ACF23CEB667003B9FDC /* AppDelegate.swift */,
				1C809AD123CEB667003B9FDC /* SceneDelegate.swift */,
				1C809AEB23CEC1BB003B9FDC /* AuthViewController.swift */,
				1C809AE523CEBB5C003B9FDC /* CashierViewController.swift */,
				1C809AE723CEC038003B9FDC /* Classes.swift */,
				1C809AE923CEC050003B9FDC /* Extensions.swift */,
				1C809AD523CEB667003B9FDC /* Main.storyboard */,
				1C809AD823CEB66A003B9FDC /* Assets.xcassets */,
				1C809ADA23CEB66A003B9FDC /* LaunchScreen.storyboard */,
				1C809AE323CEBA67003B9FDC /* GoogleService-Info.plist */,
				1C809ADD23CEB66A003B9FDC /* Info.plist */,
			);
			path = TagCashier;
			sourceTree = "<group>";
		};
		39277896549E1A68A3C604C4 /* Frameworks */ = {
			isa = PBXGroup;
			children = (
				D9BC41FD88D58920FC132181 /* Pods_TagCashier.framework */,
			);
			name = Frameworks;
			sourceTree = "<group>";
		};
		9EA6B967C8696FF7F4A058CD /* Pods */ = {
			isa = PBXGroup;
			children = (
				0BFEDE6C3A0A1CF3B881CCB8 /* Pods-TagCashier.debug.xcconfig */,
				65095AC59F1FBAE5DF1136E3 /* Pods-TagCashier.release.xcconfig */,
			);
			path = Pods;
			sourceTree = "<group>";
		};
/* End PBXGroup section */

/* Begin PBXNativeTarget section */
		1C809ACB23CEB667003B9FDC /* TagCashier */ = {
			isa = PBXNativeTarget;
			buildConfigurationList = 1C809AE023CEB66A003B9FDC /* Build configuration list for PBXNativeTarget "TagCashier" */;
			buildPhases = (
				1DE77579CCB8512387222E0C /* [CP] Check Pods Manifest.lock */,
				1C809AC823CEB667003B9FDC /* Sources */,
				1C809AC923CEB667003B9FDC /* Frameworks */,
				1C809ACA23CEB667003B9FDC /* Resources */,
				24BCA6EE9EFCC0EFDA6678F9 /* [CP] Embed Pods Frameworks */,
			);
			buildRules = (
			);
			dependencies = (
			);
			name = TagCashier;
			productName = TagCashier;
			productReference = 1C809ACC23CEB667003B9FDC /* TagCashier.app */;
			productType = "com.apple.product-type.application";
		};
/* End PBXNativeTarget section */

/* Begin PBXProject section */
		1C809AC423CEB667003B9FDC /* Project object */ = {
			isa = PBXProject;
			attributes = {
				LastSwiftUpdateCheck = 1130;
				LastUpgradeCheck = 1130;
				ORGANIZATIONNAME = ARandomDeveloper;
				TargetAttributes = {
					1C809ACB23CEB667003B9FDC = {
						CreatedOnToolsVersion = 11.3;
					};
				};
			};
			buildConfigurationList = 1C809AC723CEB667003B9FDC /* Build configuration list for PBXProject "TagCashier" */;
			compatibilityVersion = "Xcode 9.3";
			developmentRegion = en;
			hasScannedForEncodings = 0;
			knownRegions = (
				en,
				Base,
			);
			mainGroup = 1C809AC323CEB667003B9FDC;
			productRefGroup = 1C809ACD23CEB667003B9FDC /* Products */;
			projectDirPath = "";
			projectRoot = "";
			targets = (
				1C809ACB23CEB667003B9FDC /* TagCashier */,
			);
		};
/* End PBXProject section */

/* Begin PBXResourcesBuildPhase section */
		1C809ACA23CEB667003B9FDC /* Resources */ = {
			isa = PBXResourcesBuildPhase;
			buildActionMask = 2147483647;
			files = (
				1C809ADC23CEB66A003B9FDC /* LaunchScreen.storyboard in Resources */,
				1C809AE423CEBA67003B9FDC /* GoogleService-Info.plist in Resources */,
				1C809AD923CEB66A003B9FDC /* Assets.xcassets in Resources */,
				1C809AD723CEB667003B9FDC /* Main.storyboard in Resources */,
			);
			runOnlyForDeploymentPostprocessing = 0;
		};
/* End PBXResourcesBuildPhase section */

/* Begin PBXShellScriptBuildPhase section */
		1DE77579CCB8512387222E0C /* [CP] Check Pods Manifest.lock */ = {
			isa = PBXShellScriptBuildPhase;
			buildActionMask = 2147483647;
			files = (
			);
			inputFileListPaths = (
			);
			inputPaths = (
				"${PODS_PODFILE_DIR_PATH}/Podfile.lock",
				"${PODS_ROOT}/Manifest.lock",
			);
			name = "[CP] Check Pods Manifest.lock";
			outputFileListPaths = (
			);
			outputPaths = (
				"$(DERIVED_FILE_DIR)/Pods-TagCashier-checkManifestLockResult.txt",
			);
			runOnlyForDeploymentPostprocessing = 0;
			shellPath = /bin/sh;
			shellScript = "diff \"${PODS_PODFILE_DIR_PATH}/Podfile.lock\" \"${PODS_ROOT}/Manifest.lock\" > /dev/null\nif [ $? != 0 ] ; then\n    # print error to STDERR\n    echo \"error: The sandbox is not in sync with the Podfile.lock. Run 'pod install' or update your CocoaPods installation.\" >&2\n    exit 1\nfi\n# This output is used by Xcode 'outputs' to avoid re-running this script phase.\necho \"SUCCESS\" > \"${SCRIPT_OUTPUT_FILE_0}\"\n";
			showEnvVarsInLog = 0;
		};
		24BCA6EE9EFCC0EFDA6678F9 /* [CP] Embed Pods Frameworks */ = {
			isa = PBXShellScriptBuildPhase;
			buildActionMask = 2147483647;
			files = (
			);
			inputFileListPaths = (
				"${PODS_ROOT}/Target Support Files/Pods-TagCashier/Pods-TagCashier-frameworks-${CONFIGURATION}-input-files.xcfilelist",
			);
			name = "[CP] Embed Pods Frameworks";
			outputFileListPaths = (
				"${PODS_ROOT}/Target Support Files/Pods-TagCashier/Pods-TagCashier-frameworks-${CONFIGURATION}-output-files.xcfilelist",
			);
			runOnlyForDeploymentPostprocessing = 0;
			shellPath = /bin/sh;
			shellScript = "\"${PODS_ROOT}/Target Support Files/Pods-TagCashier/Pods-TagCashier-frameworks.sh\"\n";
			showEnvVarsInLog = 0;
		};
/* End PBXShellScriptBuildPhase section */

/* Begin PBXSourcesBuildPhase section */
		1C809AC823CEB667003B9FDC /* Sources */ = {
			isa = PBXSourcesBuildPhase;
			buildActionMask = 2147483647;
			files = (
				1C809AEA23CEC050003B9FDC /* Extensions.swift in Sources */,
				1C809AD023CEB667003B9FDC /* AppDelegate.swift in Sources */,
				1C809AD223CEB667003B9FDC /* SceneDelegate.swift in Sources */,
				1C809AE823CEC038003B9FDC /* Classes.swift in Sources */,
				1C809AEC23CEC1BB003B9FDC /* AuthViewController.swift in Sources */,
				1C809AE623CEBB5C003B9FDC /* CashierViewController.swift in Sources */,
			);
			runOnlyForDeploymentPostprocessing = 0;
		};
/* End PBXSourcesBuildPhase section */

/* Begin PBXVariantGroup section */
		1C809AD523CEB667003B9FDC /* Main.storyboard */ = {
			isa = PBXVariantGroup;
			children = (
				1C809AD623CEB667003B9FDC /* Base */,
			);
			name = Main.storyboard;
			sourceTree = "<group>";
		};
		1C809ADA23CEB66A003B9FDC /* LaunchScreen.storyboard */ = {
			isa = PBXVariantGroup;
			children = (
				1C809ADB23CEB66A003B9FDC /* Base */,
			);
			name = LaunchScreen.storyboard;
			sourceTree = "<group>";
		};
/* End PBXVariantGroup section */

/* Begin XCBuildConfiguration section */
		1C809ADE23CEB66A003B9FDC /* Debug */ = {
			isa = XCBuildConfiguration;
			buildSettings = {
				ALWAYS_SEARCH_USER_PATHS = NO;
				CLANG_ANALYZER_NONNULL = YES;
				CLANG_ANALYZER_NUMBER_OBJECT_CONVERSION = YES_AGGRESSIVE;
				CLANG_CXX_LANGUAGE_STANDARD = "gnu++14";
				CLANG_CXX_LIBRARY = "libc++";
				CLANG_ENABLE_MODULES = YES;
				CLANG_ENABLE_OBJC_ARC = YES;
				CLANG_ENABLE_OBJC_WEAK = YES;
				CLANG_WARN_BLOCK_CAPTURE_AUTORELEASING = YES;
				CLANG_WARN_BOOL_CONVERSION = YES;
				CLANG_WARN_COMMA = YES;
				CLANG_WARN_CONSTANT_CONVERSION = YES;
				CLANG_WARN_DEPRECATED_OBJC_IMPLEMENTATIONS = YES;
				CLANG_WARN_DIRECT_OBJC_ISA_USAGE = YES_ERROR;
				CLANG_WARN_DOCUMENTATION_COMMENTS = YES;
				CLANG_WARN_EMPTY_BODY = YES;
				CLANG_WARN_ENUM_CONVERSION = YES;
				CLANG_WARN_INFINITE_RECURSION = YES;
				CLANG_WARN_INT_CONVERSION = YES;
				CLANG_WARN_NON_LITERAL_NULL_CONVERSION = YES;
				CLANG_WARN_OBJC_IMPLICIT_RETAIN_SELF = YES;
				CLANG_WARN_OBJC_LITERAL_CONVERSION = YES;
				CLANG_WARN_OBJC_ROOT_CLASS = YES_ERROR;
				CLANG_WARN_RANGE_LOOP_ANALYSIS = YES;
				CLANG_WARN_STRICT_PROTOTYPES = YES;
				CLANG_WARN_SUSPICIOUS_MOVE = YES;
				CLANG_WARN_UNGUARDED_AVAILABILITY = YES_AGGRESSIVE;
				CLANG_WARN_UNREACHABLE_CODE = YES;
				CLANG_WARN__DUPLICATE_METHOD_MATCH = YES;
				COPY_PHASE_STRIP = NO;
				DEBUG_INFORMATION_FORMAT = dwarf;
				ENABLE_STRICT_OBJC_MSGSEND = YES;
				ENABLE_TESTABILITY = YES;
				GCC_C_LANGUAGE_STANDARD = gnu11;
				GCC_DYNAMIC_NO_PIC = NO;
				GCC_NO_COMMON_BLOCKS = YES;
				GCC_OPTIMIZATION_LEVEL = 0;
				GCC_PREPROCESSOR_DEFINITIONS = (
					"DEBUG=1",
					"$(inherited)",
				);
				GCC_WARN_64_TO_32_BIT_CONVERSION = YES;
				GCC_WARN_ABOUT_RETURN_TYPE = YES_ERROR;
				GCC_WARN_UNDECLARED_SELECTOR = YES;
				GCC_WARN_UNINITIALIZED_AUTOS = YES_AGGRESSIVE;
				GCC_WARN_UNUSED_FUNCTION = YES;
				GCC_WARN_UNUSED_VARIABLE = YES;
				IPHONEOS_DEPLOYMENT_TARGET = 13.2;
				MTL_ENABLE_DEBUG_INFO = INCLUDE_SOURCE;
				MTL_FAST_MATH = YES;
				ONLY_ACTIVE_ARCH = YES;
				SDKROOT = iphoneos;
				SWIFT_ACTIVE_COMPILATION_CONDITIONS = DEBUG;
				SWIFT_OPTIMIZATION_LEVEL = "-Onone";
			};
			name = Debug;
		};
		1C809ADF23CEB66A003B9FDC /* Release */ = {
			isa = XCBuildConfiguration;
			buildSettings = {
				ALWAYS_SEARCH_USER_PATHS = NO;
				CLANG_ANALYZER_NONNULL = YES;
				CLANG_ANALYZER_NUMBER_OBJECT_CONVERSION = YES_AGGRESSIVE;
				CLANG_CXX_LANGUAGE_STANDARD = "gnu++14";
				CLANG_CXX_LIBRARY = "libc++";
				CLANG_ENABLE_MODULES = YES;
				CLANG_ENABLE_OBJC_ARC = YES;
				CLANG_ENABLE_OBJC_WEAK = YES;
				CLANG_WARN_BLOCK_CAPTURE_AUTORELEASING = YES;
				CLANG_WARN_BOOL_CONVERSION = YES;
				CLANG_WARN_COMMA = YES;
				CLANG_WARN_CONSTANT_CONVERSION = YES;
				CLANG_WARN_DEPRECATED_OBJC_IMPLEMENTATIONS = YES;
				CLANG_WARN_DIRECT_OBJC_ISA_USAGE = YES_ERROR;
				CLANG_WARN_DOCUMENTATION_COMMENTS = YES;
				CLANG_WARN_EMPTY_BODY = YES;
				CLANG_WARN_ENUM_CONVERSION = YES;
				CLANG_WARN_INFINITE_RECURSION = YES;
				CLANG_WARN_INT_CONVERSION = YES;
				CLANG_WARN_NON_LITERAL_NULL_CONVERSION = YES;
				CLANG_WARN_OBJC_IMPLICIT_RETAIN_SELF = YES;
				CLANG_WARN_OBJC_LITERAL_CONVERSION = YES;
				CLANG_WARN_OBJC_ROOT_CLASS = YES_ERROR;
				CLANG_WARN_RANGE_LOOP_ANALYSIS = YES;
				CLANG_WARN_STRICT_PROTOTYPES = YES;
				CLANG_WARN_SUSPICIOUS_MOVE = YES;
				CLANG_WARN_UNGUARDED_AVAILABILITY = YES_AGGRESSIVE;
				CLANG_WARN_UNREACHABLE_CODE = YES;
				CLANG_WARN__DUPLICATE_METHOD_MATCH = YES;
				COPY_PHASE_STRIP = NO;
				DEBUG_INFORMATION_FORMAT = "dwarf-with-dsym";
				ENABLE_NS_ASSERTIONS = NO;
				ENABLE_STRICT_OBJC_MSGSEND = YES;
				GCC_C_LANGUAGE_STANDARD = gnu11;
				GCC_NO_COMMON_BLOCKS = YES;
				GCC_WARN_64_TO_32_BIT_CONVERSION = YES;
				GCC_WARN_ABOUT_RETURN_TYPE = YES_ERROR;
				GCC_WARN_UNDECLARED_SELECTOR = YES;
				GCC_WARN_UNINITIALIZED_AUTOS = YES_AGGRESSIVE;
				GCC_WARN_UNUSED_FUNCTION = YES;
				GCC_WARN_UNUSED_VARIABLE = YES;
				IPHONEOS_DEPLOYMENT_TARGET = 13.2;
				MTL_ENABLE_DEBUG_INFO = NO;
				MTL_FAST_MATH = YES;
				SDKROOT = iphoneos;
				SWIFT_COMPILATION_MODE = wholemodule;
				SWIFT_OPTIMIZATION_LEVEL = "-O";
				VALIDATE_PRODUCT = YES;
			};
			name = Release;
		};
		1C809AE123CEB66A003B9FDC /* Debug */ = {
			isa = XCBuildConfiguration;
			baseConfigurationReference = 0BFEDE6C3A0A1CF3B881CCB8 /* Pods-TagCashier.debug.xcconfig */;
			buildSettings = {
				ASSETCATALOG_COMPILER_APPICON_NAME = AppIcon;
				CODE_SIGN_ENTITLEMENTS = TagCashier/TagCashier.entitlements;
				CODE_SIGN_STYLE = Automatic;
				DEVELOPMENT_TEAM = 7K6ZTDFM48;
				INFOPLIST_FILE = TagCashier/Info.plist;
				LD_RUNPATH_SEARCH_PATHS = (
					"$(inherited)",
					"@executable_path/Frameworks",
				);
				PRODUCT_BUNDLE_IDENTIFIER = com.arandomdeveloper.TagCashier;
				PRODUCT_NAME = "$(TARGET_NAME)";
				SWIFT_VERSION = 5.0;
				TARGETED_DEVICE_FAMILY = 1;
			};
			name = Debug;
		};
		1C809AE223CEB66A003B9FDC /* Release */ = {
			isa = XCBuildConfiguration;
			baseConfigurationReference = 65095AC59F1FBAE5DF1136E3 /* Pods-TagCashier.release.xcconfig */;
			buildSettings = {
				ASSETCATALOG_COMPILER_APPICON_NAME = AppIcon;
				CODE_SIGN_ENTITLEMENTS = TagCashier/TagCashier.entitlements;
				CODE_SIGN_STYLE = Automatic;
				DEVELOPMENT_TEAM = 7K6ZTDFM48;
				INFOPLIST_FILE = TagCashier/Info.plist;
				LD_RUNPATH_SEARCH_PATHS = (
					"$(inherited)",
					"@executable_path/Frameworks",
				);
				PRODUCT_BUNDLE_IDENTIFIER = com.arandomdeveloper.TagCashier;
				PRODUCT_NAME = "$(TARGET_NAME)";
				SWIFT_VERSION = 5.0;
				TARGETED_DEVICE_FAMILY = 1;
			};
			name = Release;
		};
/* End XCBuildConfiguration section */

/* Begin XCConfigurationList section */
		1C809AC723CEB667003B9FDC /* Build configuration list for PBXProject "TagCashier" */ = {
			isa = XCConfigurationList;
			buildConfigurations = (
				1C809ADE23CEB66A003B9FDC /* Debug */,
				1C809ADF23CEB66A003B9FDC /* Release */,
			);
			defaultConfigurationIsVisible = 0;
			defaultConfigurationName = Release;
		};
		1C809AE023CEB66A003B9FDC /* Build configuration list for PBXNativeTarget "TagCashier" */ = {
			isa = XCConfigurationList;
			buildConfigurations = (
				1C809AE123CEB66A003B9FDC /* Debug */,
				1C809AE223CEB66A003B9FDC /* Release */,
			);
			defaultConfigurationIsVisible = 0;
			defaultConfigurationName = Release;
		};
/* End XCConfigurationList section */
	};
	rootObject = 1C809AC423CEB667003B9FDC /* Project object */;
}
